<?xml version="1.0" encoding="UTF-8"?>
<Project ToolsVersion="14.0" xmlns="http://schemas.microsoft.com/developer/msbuild/2003">
  <ItemGroup>
    <ClCompile Include="G:\Yr 2\Games Programming\ConsoleApplicationConan\Inputs.cpp">
      <Filter>Source Files</Filter>
    </ClCompile>
    <ClCompile Include="G:\Yr 2\Games Programming\ConsoleApplicationConan\Position.cpp">
      <Filter>Source Files</Filter>
    </ClCompile>
    <ClCompile Include="G:\Yr 2\Games Programming\ConsoleApplicationConan\Window.cpp">
      <Filter>Source Files</Filter>
    </ClCompile>
    <ClCompile Include="G:\Yr 2\Games Programming\ConsoleApplicationConan\main.cpp">
      <Filter>Source Files</Filter>
    </ClCompile>
  </ItemGroup>
  <ItemGroup>
    <ClInclude Include="G:\Yr 2\Games Programming\ConsoleApplicationConan\Globals.h">
      <Filter>Header Files</Filter>
    </ClInclude>
    <ClInclude Include="G:\Yr 2\Games Programming\ConsoleApplicationConan\Inputs.h">
      <Filter>Header Files</Filter>
    </ClInclude>
    <ClInclude Include="G:\Yr 2\Games Programming\ConsoleApplicationConan\Position.h">
      <Filter>Header Files</Filter>
    </ClInclude>
    <ClInclude Include="G:\Yr 2\Games Programming\ConsoleApplicationConan\Window.h">
      <Filter>Header Files</Filter>
    </ClInclude>
  </ItemGroup>
  <ItemGroup>
    <CustomBuild Include="G:\Yr 2\Games Programming\ConsoleApplicationConan\CMakeLists.txt" />
  </ItemGroup>
  <ItemGroup>
    <Filter Include="Source Files">
      <UniqueIdentifier>{629681F3-855B-3FF6-94ED-63CDC65253F8}</UniqueIdentifier>
    </Filter>
    <Filter Include="Header Files">
      <UniqueIdentifier>{0D69E6EE-73CC-3DA1-BCAF-6B74A338AB04}</UniqueIdentifier>
    </Filter>
  </ItemGroup>
</Project>
